
Microsoft Visual Studio Solution File, Format Version 12.00
# Visual Studio Version 17
VisualStudioVersion = 17.2.32616.157
MinimumVisualStudioVersion = 10.0.40219.1
Project("{FAE04EC0-301F-11D3-BF4B-00C04F79EFBC}") = "01.Trains", "01.Trains\01.Trains.csproj", "{1AF554FB-46D6-415E-971D-7B0541FBD9D1}"
EndProject
Project("{FAE04EC0-301F-11D3-BF4B-00C04F79EFBC}") = "02.Change_List", "02.Change_List\02.Change_List.csproj", "{7D00A0D4-18C1-4342-BA5E-F654CC6D5A79}"
EndProject
Project("{FAE04EC0-301F-11D3-BF4B-00C04F79EFBC}") = "03.House_Party", "03.House_Party\03.House_Party.csproj", "{D46C20DA-477B-4147-90DA-599B6974AAD1}"
EndProject
Project("{FAE04EC0-301F-11D3-BF4B-00C04F79EFBC}") = "04.List_Operations", "04.List_Operations\04.List_Operations.csproj", "{4578691F-DB70-492B-881D-B418D07E33E8}"
EndProject
Project("{FAE04EC0-301F-11D3-BF4B-00C04F79EFBC}") = "05.Bomb_Numbers", "05.Bomb_Numbers\05.Bomb_Numbers.csproj", "{77CAF5C4-694A-48B8-9E7D-443478FEB032}"
EndProject
Global
	GlobalSection(SolutionConfigurationPlatforms) = preSolution
		Debug|Any CPU = Debug|Any CPU
		Release|Any CPU = Release|Any CPU
	EndGlobalSection
	GlobalSection(ProjectConfigurationPlatforms) = postSolution
		{1AF554FB-46D6-415E-971D-7B0541FBD9D1}.Debug|Any CPU.ActiveCfg = Debug|Any CPU
		{1AF554FB-46D6-415E-971D-7B0541FBD9D1}.Debug|Any CPU.Build.0 = Debug|Any CPU
		{1AF554FB-46D6-415E-971D-7B0541FBD9D1}.Release|Any CPU.ActiveCfg = Release|Any CPU
		{1AF554FB-46D6-415E-971D-7B0541FBD9D1}.Release|Any CPU.Build.0 = Release|Any CPU
		{7D00A0D4-18C1-4342-BA5E-F654CC6D5A79}.Debug|Any CPU.ActiveCfg = Debug|Any CPU
		{7D00A0D4-18C1-4342-BA5E-F654CC6D5A79}.Debug|Any CPU.Build.0 = Debug|Any CPU
		{7D00A0D4-18C1-4342-BA5E-F654CC6D5A79}.Release|Any CPU.ActiveCfg = Release|Any CPU
		{7D00A0D4-18C1-4342-BA5E-F654CC6D5A79}.Release|Any CPU.Build.0 = Release|Any CPU
		{D46C20DA-477B-4147-90DA-599B6974AAD1}.Debug|Any CPU.ActiveCfg = Debug|Any CPU
		{D46C20DA-477B-4147-90DA-599B6974AAD1}.Debug|Any CPU.Build.0 = Debug|Any CPU
		{D46C20DA-477B-4147-90DA-599B6974AAD1}.Release|Any CPU.ActiveCfg = Release|Any CPU
		{D46C20DA-477B-4147-90DA-599B6974AAD1}.Release|Any CPU.Build.0 = Release|Any CPU
		{4578691F-DB70-492B-881D-B418D07E33E8}.Debug|Any CPU.ActiveCfg = Debug|Any CPU
		{4578691F-DB70-492B-881D-B418D07E33E8}.Debug|Any CPU.Build.0 = Debug|Any CPU
		{4578691F-DB70-492B-881D-B418D07E33E8}.Release|Any CPU.ActiveCfg = Release|Any CPU
		{4578691F-DB70-492B-881D-B418D07E33E8}.Release|Any CPU.Build.0 = Release|Any CPU
		{77CAF5C4-694A-48B8-9E7D-443478FEB032}.Debug|Any CPU.ActiveCfg = Debug|Any CPU
		{77CAF5C4-694A-48B8-9E7D-443478FEB032}.Debug|Any CPU.Build.0 = Debug|Any CPU
		{77CAF5C4-694A-48B8-9E7D-443478FEB032}.Release|Any CPU.ActiveCfg = Release|Any CPU
		{77CAF5C4-694A-48B8-9E7D-443478FEB032}.Release|Any CPU.Build.0 = Release|Any CPU
	EndGlobalSection
	GlobalSection(SolutionProperties) = preSolution
		HideSolutionNode = FALSE
	EndGlobalSection
	GlobalSection(ExtensibilityGlobals) = postSolution
		SolutionGuid = {E74E2573-1F7C-4BBE-BE6A-8F3166B422C2}
	EndGlobalSection
EndGlobal
